
Microsoft Visual Studio Solution File, Format Version 12.00
# Visual Studio Version 16
VisualStudioVersion = 16.0.29613.14
MinimumVisualStudioVersion = 10.0.40219.1
Project("{8BC9CEB8-8B4A-11D0-8D11-00A0C91BC942}") = "Calcylztor", "Calcylztor\Calcylztor.vcxproj", "{28F57124-2290-45E0-AC86-15B9BA5BD7E2}"
EndProject
Global
	GlobalSection(SolutionConfigurationPlatforms) = preSolution
		Debug|x64 = Debug|x64
		Debug|x86 = Debug|x86
		Release|x64 = Release|x64
		Release|x86 = Release|x86
	EndGlobalSection
	GlobalSection(ProjectConfigurationPlatforms) = postSolution
		{28F57124-2290-45E0-AC86-15B9BA5BD7E2}.Debug|x64.ActiveCfg = Debug|x64
		{28F57124-2290-45E0-AC86-15B9BA5BD7E2}.Debug|x64.Build.0 = Debug|x64
		{28F57124-2290-45E0-AC86-15B9BA5BD7E2}.Debug|x86.ActiveCfg = Debug|Win32
		{28F57124-2290-45E0-AC86-15B9BA5BD7E2}.Debug|x86.Build.0 = Debug|Win32
		{28F57124-2290-45E0-AC86-15B9BA5BD7E2}.Release|x64.ActiveCfg = Release|x64
		{28F57124-2290-45E0-AC86-15B9BA5BD7E2}.Release|x64.Build.0 = Release|x64
		{28F57124-2290-45E0-AC86-15B9BA5BD7E2}.Release|x86.ActiveCfg = Release|Win32
		{28F57124-2290-45E0-AC86-15B9BA5BD7E2}.Release|x86.Build.0 = Release|Win32
	EndGlobalSection
	GlobalSection(SolutionProperties) = preSolution
		HideSolutionNode = FALSE
	EndGlobalSection
	GlobalSection(ExtensibilityGlobals) = postSolution
		SolutionGuid = {880FF9EA-CB3C-4896-A6F4-22C49F34744C}
	EndGlobalSection
EndGlobal
